
Microsoft Visual Studio Solution File, Format Version 12.00
# Visual Studio Version 16
VisualStudioVersion = 16.0.31729.503
MinimumVisualStudioVersion = 10.0.40219.1
Project("{FAE04EC0-301F-11D3-BF4B-00C04F79EFBC}") = "Demo", "Demo.csproj", "{E2A3D104-8B5A-4330-AAD0-C147BCF8F671}"
EndProject
Global
	GlobalSection(SolutionConfigurationPlatforms) = preSolution
		Debug|Any CPU = Debug|Any CPU
		Release|Any CPU = Release|Any CPU
	EndGlobalSection
	GlobalSection(ProjectConfigurationPlatforms) = postSolution
		{E2A3D104-8B5A-4330-AAD0-C147BCF8F671}.Debug|Any CPU.ActiveCfg = Debug|Any CPU
		{E2A3D104-8B5A-4330-AAD0-C147BCF8F671}.Debug|Any CPU.Build.0 = Debug|Any CPU
		{E2A3D104-8B5A-4330-AAD0-C147BCF8F671}.Release|Any CPU.ActiveCfg = Release|Any CPU
		{E2A3D104-8B5A-4330-AAD0-C147BCF8F671}.Release|Any CPU.Build.0 = Release|Any CPU
	EndGlobalSection
	GlobalSection(SolutionProperties) = preSolution
		HideSolutionNode = FALSE
	EndGlobalSection
	GlobalSection(ExtensibilityGlobals) = postSolution
		SolutionGuid = {4AAE56DF-6D4A-434A-BBA6-9BC2F0879365}
	EndGlobalSection
EndGlobal
